
Microsoft Visual Studio Solution File, Format Version 12.00
# Visual Studio Version 17
VisualStudioVersion = 17.0.31903.59
MinimumVisualStudioVersion = 10.0.40219.1
Project("{2150E333-8FDC-42A3-9474-1A3956D46DE8}") = "src", "src", "{47AD7D89-3453-43F0-B2F0-EBDC1CB7A711}"
EndProject
Project("{FAE04EC0-301F-11D3-BF4B-00C04F79EFBC}") = "NetVisionProc.AzureHub", "src\NetVisionProc.AzureHub\NetVisionProc.AzureHub.csproj", "{84299408-A59C-47B9-90B9-68507BD07556}"
EndProject
Project("{FAE04EC0-301F-11D3-BF4B-00C04F79EFBC}") = "NetVisionProc.Adapter", "src\NetVisionProc.Adapter\NetVisionProc.Adapter.csproj", "{83D617E9-39D6-48CF-A972-3F820EB9F6D3}"
EndProject
Project("{FAE04EC0-301F-11D3-BF4B-00C04F79EFBC}") = "NetVisionProc.Api", "src\NetVisionProc.Api\NetVisionProc.Api.csproj", "{8298C159-6207-4E67-9779-76EF56621AB4}"
EndProject
Project("{FAE04EC0-301F-11D3-BF4B-00C04F79EFBC}") = "NetVisionProc.Application", "src\NetVisionProc.Application\NetVisionProc.Application.csproj", "{3E3E94CA-376D-41CA-991D-FA6B4A543B95}"
EndProject
Project("{FAE04EC0-301F-11D3-BF4B-00C04F79EFBC}") = "NetVisionProc.Common", "src\NetVisionProc.Common\NetVisionProc.Common.csproj", "{C0947300-A2EB-48D9-9F1E-F72B24B8272A}"
EndProject
Project("{FAE04EC0-301F-11D3-BF4B-00C04F79EFBC}") = "NetVisionProc.Common.Data", "src\NetVisionProc.Common.Data\NetVisionProc.Common.Data.csproj", "{B7BD4E0D-3043-41B9-87A4-226FD0C21335}"
EndProject
Project("{FAE04EC0-301F-11D3-BF4B-00C04F79EFBC}") = "NetVisionProc.Data", "src\NetVisionProc.Data\NetVisionProc.Data.csproj", "{3E526326-BF34-4833-9FB6-E35D4034CA57}"
EndProject
Project("{FAE04EC0-301F-11D3-BF4B-00C04F79EFBC}") = "NetVisionProc.Domain", "src\NetVisionProc.Domain\NetVisionProc.Domain.csproj", "{3B7597F8-8BD9-4529-A44E-6552A7725DF8}"
EndProject
Global
	GlobalSection(SolutionConfigurationPlatforms) = preSolution
		Debug|Any CPU = Debug|Any CPU
		Release|Any CPU = Release|Any CPU
	EndGlobalSection
	GlobalSection(SolutionProperties) = preSolution
		HideSolutionNode = FALSE
	EndGlobalSection
	GlobalSection(ProjectConfigurationPlatforms) = postSolution
		{84299408-A59C-47B9-90B9-68507BD07556}.Debug|Any CPU.ActiveCfg = Debug|Any CPU
		{84299408-A59C-47B9-90B9-68507BD07556}.Debug|Any CPU.Build.0 = Debug|Any CPU
		{84299408-A59C-47B9-90B9-68507BD07556}.Release|Any CPU.ActiveCfg = Release|Any CPU
		{84299408-A59C-47B9-90B9-68507BD07556}.Release|Any CPU.Build.0 = Release|Any CPU
		{83D617E9-39D6-48CF-A972-3F820EB9F6D3}.Debug|Any CPU.ActiveCfg = Debug|Any CPU
		{83D617E9-39D6-48CF-A972-3F820EB9F6D3}.Debug|Any CPU.Build.0 = Debug|Any CPU
		{83D617E9-39D6-48CF-A972-3F820EB9F6D3}.Release|Any CPU.ActiveCfg = Release|Any CPU
		{83D617E9-39D6-48CF-A972-3F820EB9F6D3}.Release|Any CPU.Build.0 = Release|Any CPU
		{8298C159-6207-4E67-9779-76EF56621AB4}.Debug|Any CPU.ActiveCfg = Debug|Any CPU
		{8298C159-6207-4E67-9779-76EF56621AB4}.Debug|Any CPU.Build.0 = Debug|Any CPU
		{8298C159-6207-4E67-9779-76EF56621AB4}.Release|Any CPU.ActiveCfg = Release|Any CPU
		{8298C159-6207-4E67-9779-76EF56621AB4}.Release|Any CPU.Build.0 = Release|Any CPU
		{3E3E94CA-376D-41CA-991D-FA6B4A543B95}.Debug|Any CPU.ActiveCfg = Debug|Any CPU
		{3E3E94CA-376D-41CA-991D-FA6B4A543B95}.Debug|Any CPU.Build.0 = Debug|Any CPU
		{3E3E94CA-376D-41CA-991D-FA6B4A543B95}.Release|Any CPU.ActiveCfg = Release|Any CPU
		{3E3E94CA-376D-41CA-991D-FA6B4A543B95}.Release|Any CPU.Build.0 = Release|Any CPU
		{C0947300-A2EB-48D9-9F1E-F72B24B8272A}.Debug|Any CPU.ActiveCfg = Debug|Any CPU
		{C0947300-A2EB-48D9-9F1E-F72B24B8272A}.Debug|Any CPU.Build.0 = Debug|Any CPU
		{C0947300-A2EB-48D9-9F1E-F72B24B8272A}.Release|Any CPU.ActiveCfg = Release|Any CPU
		{C0947300-A2EB-48D9-9F1E-F72B24B8272A}.Release|Any CPU.Build.0 = Release|Any CPU
		{B7BD4E0D-3043-41B9-87A4-226FD0C21335}.Debug|Any CPU.ActiveCfg = Debug|Any CPU
		{B7BD4E0D-3043-41B9-87A4-226FD0C21335}.Debug|Any CPU.Build.0 = Debug|Any CPU
		{B7BD4E0D-3043-41B9-87A4-226FD0C21335}.Release|Any CPU.ActiveCfg = Release|Any CPU
		{B7BD4E0D-3043-41B9-87A4-226FD0C21335}.Release|Any CPU.Build.0 = Release|Any CPU
		{3E526326-BF34-4833-9FB6-E35D4034CA57}.Debug|Any CPU.ActiveCfg = Debug|Any CPU
		{3E526326-BF34-4833-9FB6-E35D4034CA57}.Debug|Any CPU.Build.0 = Debug|Any CPU
		{3E526326-BF34-4833-9FB6-E35D4034CA57}.Release|Any CPU.ActiveCfg = Release|Any CPU
		{3E526326-BF34-4833-9FB6-E35D4034CA57}.Release|Any CPU.Build.0 = Release|Any CPU
		{3B7597F8-8BD9-4529-A44E-6552A7725DF8}.Debug|Any CPU.ActiveCfg = Debug|Any CPU
		{3B7597F8-8BD9-4529-A44E-6552A7725DF8}.Debug|Any CPU.Build.0 = Debug|Any CPU
		{3B7597F8-8BD9-4529-A44E-6552A7725DF8}.Release|Any CPU.ActiveCfg = Release|Any CPU
		{3B7597F8-8BD9-4529-A44E-6552A7725DF8}.Release|Any CPU.Build.0 = Release|Any CPU
	EndGlobalSection
	GlobalSection(NestedProjects) = preSolution
		{84299408-A59C-47B9-90B9-68507BD07556} = {47AD7D89-3453-43F0-B2F0-EBDC1CB7A711}
		{83D617E9-39D6-48CF-A972-3F820EB9F6D3} = {47AD7D89-3453-43F0-B2F0-EBDC1CB7A711}
		{8298C159-6207-4E67-9779-76EF56621AB4} = {47AD7D89-3453-43F0-B2F0-EBDC1CB7A711}
		{3E3E94CA-376D-41CA-991D-FA6B4A543B95} = {47AD7D89-3453-43F0-B2F0-EBDC1CB7A711}
		{C0947300-A2EB-48D9-9F1E-F72B24B8272A} = {47AD7D89-3453-43F0-B2F0-EBDC1CB7A711}
		{B7BD4E0D-3043-41B9-87A4-226FD0C21335} = {47AD7D89-3453-43F0-B2F0-EBDC1CB7A711}
		{3E526326-BF34-4833-9FB6-E35D4034CA57} = {47AD7D89-3453-43F0-B2F0-EBDC1CB7A711}
		{3B7597F8-8BD9-4529-A44E-6552A7725DF8} = {47AD7D89-3453-43F0-B2F0-EBDC1CB7A711}
	EndGlobalSection
EndGlobal
